
Microsoft Visual Studio Solution File, Format Version 12.00
# Visual Studio 15
Project("{FAE04EC0-301F-11D3-BF4B-00C04F79EFBC}") = "ExcryptingFiles", "ExcryptingFiles\ExcryptingFiles.csproj", "{56188F2A-3E41-4888-A8A3-CA4CA5531987}"
EndProject
Global
	GlobalSection(SolutionConfigurationPlatforms) = preSolution
		Debug|Any CPU = Debug|Any CPU
		Release|Any CPU = Release|Any CPU
	EndGlobalSection
	GlobalSection(ProjectConfigurationPlatforms) = postSolution
		{56188F2A-3E41-4888-A8A3-CA4CA5531987}.Debug|Any CPU.ActiveCfg = Debug|Any CPU
		{56188F2A-3E41-4888-A8A3-CA4CA5531987}.Debug|Any CPU.Build.0 = Debug|Any CPU
		{56188F2A-3E41-4888-A8A3-CA4CA5531987}.Release|Any CPU.ActiveCfg = Release|Any CPU
		{56188F2A-3E41-4888-A8A3-CA4CA5531987}.Release|Any CPU.Build.0 = Release|Any CPU
	EndGlobalSection
EndGlobal
