
Microsoft Visual Studio Solution File, Format Version 12.00
# Visual Studio 15
Project("{FAE04EC0-301F-11D3-BF4B-00C04F79EFBC}") = "EventHandler", "EventHandler\EventHandler.csproj", "{04072F5C-EF7A-4DCB-8603-EA7C036AEACE}"
EndProject
Global
	GlobalSection(SolutionConfigurationPlatforms) = preSolution
		Debug|Any CPU = Debug|Any CPU
		Release|Any CPU = Release|Any CPU
	EndGlobalSection
	GlobalSection(ProjectConfigurationPlatforms) = postSolution
		{04072F5C-EF7A-4DCB-8603-EA7C036AEACE}.Debug|Any CPU.ActiveCfg = Debug|Any CPU
		{04072F5C-EF7A-4DCB-8603-EA7C036AEACE}.Debug|Any CPU.Build.0 = Debug|Any CPU
		{04072F5C-EF7A-4DCB-8603-EA7C036AEACE}.Release|Any CPU.ActiveCfg = Release|Any CPU
		{04072F5C-EF7A-4DCB-8603-EA7C036AEACE}.Release|Any CPU.Build.0 = Release|Any CPU
	EndGlobalSection
EndGlobal
