
Microsoft Visual Studio Solution File, Format Version 12.00
# Visual Studio 15
Project("{FAE04EC0-301F-11D3-BF4B-00C04F79EFBC}") = "CastConvert", "CastConvert\CastConvert.csproj", "{EB3054A6-DBFA-4964-A35C-0E62A8D0BC60}"
EndProject
Global
	GlobalSection(SolutionConfigurationPlatforms) = preSolution
		Debug|Any CPU = Debug|Any CPU
		Release|Any CPU = Release|Any CPU
	EndGlobalSection
	GlobalSection(ProjectConfigurationPlatforms) = postSolution
		{EB3054A6-DBFA-4964-A35C-0E62A8D0BC60}.Debug|Any CPU.ActiveCfg = Debug|Any CPU
		{EB3054A6-DBFA-4964-A35C-0E62A8D0BC60}.Debug|Any CPU.Build.0 = Debug|Any CPU
		{EB3054A6-DBFA-4964-A35C-0E62A8D0BC60}.Release|Any CPU.ActiveCfg = Release|Any CPU
		{EB3054A6-DBFA-4964-A35C-0E62A8D0BC60}.Release|Any CPU.Build.0 = Release|Any CPU
	EndGlobalSection
EndGlobal
