
Microsoft Visual Studio Solution File, Format Version 12.00
# Visual Studio 15
Project("{FAE04EC0-301F-11D3-BF4B-00C04F79EFBC}") = "demo", "demo\demo.csproj", "{E99381F7-1731-4D89-9D60-479E2D1C1541}"
EndProject
Project("{2150E333-8FDC-42A3-9474-1A3956D46DE8}") = "Solution Items", "Solution Items", "{094B0D2F-E1E2-4735-869E-5135369AE5AC}"
	ProjectSection(SolutionItems) = preProject
		MyView.cs = MyView.cs
	EndProjectSection
EndProject
Global
	GlobalSection(SolutionConfigurationPlatforms) = preSolution
		Debug|Any CPU = Debug|Any CPU
		Release|Any CPU = Release|Any CPU
	EndGlobalSection
	GlobalSection(ProjectConfigurationPlatforms) = postSolution
		{E99381F7-1731-4D89-9D60-479E2D1C1541}.Debug|Any CPU.ActiveCfg = Debug|Any CPU
		{E99381F7-1731-4D89-9D60-479E2D1C1541}.Debug|Any CPU.Build.0 = Debug|Any CPU
		{E99381F7-1731-4D89-9D60-479E2D1C1541}.Release|Any CPU.ActiveCfg = Release|Any CPU
		{E99381F7-1731-4D89-9D60-479E2D1C1541}.Release|Any CPU.Build.0 = Release|Any CPU
	EndGlobalSection
EndGlobal
